
Microsoft Visual Studio Solution File, Format Version 12.00
# Visual Studio Version 16
VisualStudioVersion = 16.0.33920.266
MinimumVisualStudioVersion = 10.0.40219.1
Project("{FAE04EC0-301F-11D3-BF4B-00C04F79EFBC}") = "ArabaSatışSitesi1", "ArabaSatışSitesi1\ArabaSatışSitesi1.csproj", "{F712EAF1-099A-4987-A39E-8815F696FD63}"
EndProject
Global
	GlobalSection(SolutionConfigurationPlatforms) = preSolution
		Debug|Any CPU = Debug|Any CPU
		Release|Any CPU = Release|Any CPU
	EndGlobalSection
	GlobalSection(ProjectConfigurationPlatforms) = postSolution
		{F712EAF1-099A-4987-A39E-8815F696FD63}.Debug|Any CPU.ActiveCfg = Debug|Any CPU
		{F712EAF1-099A-4987-A39E-8815F696FD63}.Debug|Any CPU.Build.0 = Debug|Any CPU
		{F712EAF1-099A-4987-A39E-8815F696FD63}.Release|Any CPU.ActiveCfg = Release|Any CPU
		{F712EAF1-099A-4987-A39E-8815F696FD63}.Release|Any CPU.Build.0 = Release|Any CPU
	EndGlobalSection
	GlobalSection(SolutionProperties) = preSolution
		HideSolutionNode = FALSE
	EndGlobalSection
	GlobalSection(ExtensibilityGlobals) = postSolution
		SolutionGuid = {B6B2320A-BF4A-4950-BEDC-FFE451C099FF}
	EndGlobalSection
EndGlobal
